
Microsoft Visual Studio Solution File, Format Version 12.00
Project("{FAE04EC0-301F-11D3-BF4B-00C04F79EFBC}") = "BapHerokuHartlieb", "BapHerokuHartlieb\BapHerokuHartlieb.csproj", "{57ABE0D5-809C-4529-B50B-437692063545}"
EndProject
Global
	GlobalSection(SolutionConfigurationPlatforms) = preSolution
		Debug|Any CPU = Debug|Any CPU
		Release|Any CPU = Release|Any CPU
	EndGlobalSection
	GlobalSection(ProjectConfigurationPlatforms) = postSolution
		{57ABE0D5-809C-4529-B50B-437692063545}.Debug|Any CPU.ActiveCfg = Debug|Any CPU
		{57ABE0D5-809C-4529-B50B-437692063545}.Debug|Any CPU.Build.0 = Debug|Any CPU
		{57ABE0D5-809C-4529-B50B-437692063545}.Release|Any CPU.ActiveCfg = Release|Any CPU
		{57ABE0D5-809C-4529-B50B-437692063545}.Release|Any CPU.Build.0 = Release|Any CPU
	EndGlobalSection
EndGlobal
